Microsoft Visual Studio Solution File, Format Version 12.00
# Visual Studio Version 16
VisualStudioVersion = 16.0.29025.244
MinimumVisualStudioVersion = 10.0.40219.1
Project("{FAE04EC0-301F-11D3-BF4B-00C04F79EFBC}") = "DeleteBoilerplate.WebApp", "DeleteBoilerplate.WebApp\DeleteBoilerplate.WebApp.csproj", "{4D3A8C4D-17FF-46FB-88C6-FAD59D6C2099}"
EndProject
Project("{2150E333-8FDC-42A3-9474-1A3956D46DE8}") = "Features", "Features", "{60D6784B-12CB-4ACD-B26B-545FC97DC901}"
EndProject
Project("{FAE04EC0-301F-11D3-BF4B-00C04F79EFBC}") = "DeleteBoilerplate.Projects", "Features\DeleteBoilerplate.Projects\DeleteBoilerplate.Projects.csproj", "{BFBBAF91-2904-4D5C-9AC5-365AEAEE98EF}"
EndProject
Project("{2150E333-8FDC-42A3-9474-1A3956D46DE8}") = "Solution Items", "Solution Items", "{E9E22A29-91E6-4DC9-8889-48DA36315929}"
	ProjectSection(SolutionItems) = preProject
		build.cake = build.cake
		cake.config = cake.config
	EndProjectSection
EndProject
Project("{2150E333-8FDC-42A3-9474-1A3956D46DE8}") = "Infrastructure", "Infrastructure", "{25B3DC14-1D18-4110-8416-2372716B7505}"
EndProject
Project("{2150E333-8FDC-42A3-9474-1A3956D46DE8}") = "Shared", "Shared", "{2971F724-2145-4CB1-9464-1A379C67E410}"
EndProject
Project("{FAE04EC0-301F-11D3-BF4B-00C04F79EFBC}") = "DeleteBoilerplate.DynamicRouting", "..\..\Infrastructure\DeleteBoilerplate.DynamicRouting\DeleteBoilerplate.DynamicRouting.csproj", "{A165B815-191B-4831-9491-7010D7BEC88F}"
EndProject
Project("{FAE04EC0-301F-11D3-BF4B-00C04F79EFBC}") = "DeleteBoilerplate.Domain", "..\..\..\Shared\DeleteBoilerplate.Domain\DeleteBoilerplate.Domain.csproj", "{2A0E9BD2-90F5-466A-A742-D27C9302B1CA}"
EndProject
Project("{FAE04EC0-301F-11D3-BF4B-00C04F79EFBC}") = "DeleteBoilerplate.Infrastructure", "..\..\Infrastructure\DeleteBoilerplate.Infrastructure\DeleteBoilerplate.Infrastructure.csproj", "{A7B10389-141E-41D6-84FB-50D2282B1F4C}"
EndProject
Global
	GlobalSection(SolutionConfigurationPlatforms) = preSolution
		Debug|Any CPU = Debug|Any CPU
		Release|Any CPU = Release|Any CPU
	EndGlobalSection
	GlobalSection(ProjectConfigurationPlatforms) = postSolution
		{4D3A8C4D-17FF-46FB-88C6-FAD59D6C2099}.Debug|Any CPU.ActiveCfg = Debug|Any CPU
		{4D3A8C4D-17FF-46FB-88C6-FAD59D6C2099}.Debug|Any CPU.Build.0 = Debug|Any CPU
		{4D3A8C4D-17FF-46FB-88C6-FAD59D6C2099}.Release|Any CPU.ActiveCfg = Release|Any CPU
		{4D3A8C4D-17FF-46FB-88C6-FAD59D6C2099}.Release|Any CPU.Build.0 = Release|Any CPU
		{BFBBAF91-2904-4D5C-9AC5-365AEAEE98EF}.Debug|Any CPU.ActiveCfg = Debug|Any CPU
		{BFBBAF91-2904-4D5C-9AC5-365AEAEE98EF}.Debug|Any CPU.Build.0 = Debug|Any CPU
		{BFBBAF91-2904-4D5C-9AC5-365AEAEE98EF}.Release|Any CPU.ActiveCfg = Release|Any CPU
		{BFBBAF91-2904-4D5C-9AC5-365AEAEE98EF}.Release|Any CPU.Build.0 = Release|Any CPU
		{A165B815-191B-4831-9491-7010D7BEC88F}.Debug|Any CPU.ActiveCfg = Debug|Any CPU
		{A165B815-191B-4831-9491-7010D7BEC88F}.Debug|Any CPU.Build.0 = Debug|Any CPU
		{A165B815-191B-4831-9491-7010D7BEC88F}.Release|Any CPU.ActiveCfg = Release|Any CPU
		{A165B815-191B-4831-9491-7010D7BEC88F}.Release|Any CPU.Build.0 = Release|Any CPU
		{2A0E9BD2-90F5-466A-A742-D27C9302B1CA}.Debug|Any CPU.ActiveCfg = Debug|Any CPU
		{2A0E9BD2-90F5-466A-A742-D27C9302B1CA}.Debug|Any CPU.Build.0 = Debug|Any CPU
		{2A0E9BD2-90F5-466A-A742-D27C9302B1CA}.Release|Any CPU.ActiveCfg = Release|Any CPU
		{2A0E9BD2-90F5-466A-A742-D27C9302B1CA}.Release|Any CPU.Build.0 = Release|Any CPU
		{A7B10389-141E-41D6-84FB-50D2282B1F4C}.Debug|Any CPU.ActiveCfg = Debug|Any CPU
		{A7B10389-141E-41D6-84FB-50D2282B1F4C}.Debug|Any CPU.Build.0 = Debug|Any CPU
		{A7B10389-141E-41D6-84FB-50D2282B1F4C}.Release|Any CPU.ActiveCfg = Release|Any CPU
		{A7B10389-141E-41D6-84FB-50D2282B1F4C}.Release|Any CPU.Build.0 = Release|Any CPU
	EndGlobalSection
	GlobalSection(SolutionProperties) = preSolution
		HideSolutionNode = FALSE
	EndGlobalSection
	GlobalSection(NestedProjects) = preSolution
		{BFBBAF91-2904-4D5C-9AC5-365AEAEE98EF} = {60D6784B-12CB-4ACD-B26B-545FC97DC901}
		{A165B815-191B-4831-9491-7010D7BEC88F} = {25B3DC14-1D18-4110-8416-2372716B7505}
		{2A0E9BD2-90F5-466A-A742-D27C9302B1CA} = {2971F724-2145-4CB1-9464-1A379C67E410}
		{A7B10389-141E-41D6-84FB-50D2282B1F4C} = {25B3DC14-1D18-4110-8416-2372716B7505}
	EndGlobalSection
	GlobalSection(ExtensibilityGlobals) = postSolution
		SolutionGuid = {C6500213-6CF9-462C-B95D-DCF91FC64889}
	EndGlobalSection
EndGlobal
